{
  "name": "flask",
  "version": "1.0.0",
  "lockfileVersion": 1,
  "requires": true,
  "dependencies": {
    "typopo": {
      "version": "2.3.5",
      "resolved": "https://registry.npmjs.org/typopo/-/typopo-2.3.5.tgz",
      "integrity": "sha512-FEjuu/eTaRzw4D34Ali4lb4YBOxH0YrRZgYm67cKXrtaDz03LVEEUK6C+Is2XSAvvQB5JSACtLZqcPfIAJbOfA=="
    }
  }
}
